{
  "lockfileVersion": 1,
  "configVersion": 1,
  "workspaces": {
    "": {
      "name": "megastore-simulator-support",
      "dependencies": {
        "cheerio": "^1.2.0",
        "fast-glob": "^3.3.3",
        "isbinaryfile": "^6.0.0",
        "lodash": "^4.18.1",
        "shell-quote": "^1.8.3",
        "store2": "^2.14.4",
        "zod": "^4.3.6",
      },
      "devDependencies": {
        "@nexusmods/nexus-api": "^1.1.5",
        "@total-typescript/ts-reset": "^0.6.1",
        "@types/bun": "1.3.11",
        "@types/fs-extra": "^9.0.13",
        "@types/lodash": "^4.17.24",
        "@types/semver": "^7.7.1",
        "@types/shell-quote": "^1.7.5",
        "jszip": "^3.10.1",
        "node-api-dotnet": "^0.9.19",
        "steam-acf-parser": "github:mattb-prg/steam-acf-parser",
        "vortex-api": "github:Nexus-Mods/vortex-api",
      },
      "peerDependencies": {
        "typescript": "^5",
      },
    },
  },
  "packages": {
    "@nexusmods/nexus-api": ["@nexusmods/nexus-api@1.1.5", "", { "dependencies": { "jsonwebtoken": "^8.5.1", "request": "^2.85.0", "set-cookie-parser": "^2.4.6", "string-template": "^1.0.0", "typed-emitter": "^1.3.1" } }, "sha512-l2tgyw1thsHZd1McxLdNLU6SP8RDMBNeD+b1lGV63FVgCsaAfeC9DgIX24gDPcc0iygBfWktKvcrTRrTWqSzhQ=="],

    "@nodelib/fs.scandir": ["@nodelib/fs.scandir@2.1.5", "", { "dependencies": { "@nodelib/fs.stat": "2.0.5", "run-parallel": "^1.1.9" } }, "sha512-vq24Bq3ym5HEQm2NKCr3yXDwjc7vTsEThRDnkp2DK9p1uqLR+DHurm/NOTo0KG7HYHU7eppKZj3MyqYuMBf62g=="],

    "@nodelib/fs.stat": ["@nodelib/fs.stat@2.0.5", "", {}, "sha512-RkhPPp2zrqDAQA/2jNhnztcPAlv64XdhIp7a7454A5ovI7Bukxgt7MX7udwAu3zg1DcpPU0rz3VV1SeaqvY4+A=="],

    "@nodelib/fs.walk": ["@nodelib/fs.walk@1.2.8", "", { "dependencies": { "@nodelib/fs.scandir": "2.1.5", "fastq": "^1.6.0" } }, "sha512-oGB+UxlgWcgQkgwo8GcEGwemoTFt3FIO9ababBmaGwXIoBKZ+GTy0pP185beGg7Llih/NSHSV2XAs1lnznocSg=="],

    "@total-typescript/ts-reset": ["@total-typescript/ts-reset@0.6.1", "", {}, "sha512-cka47fVSo6lfQDIATYqb/vO1nvFfbPw7uWLayIXIhGETj0wcOOlrlkobOMDNQOFr9QOafegUPq13V2+6vtD7yg=="],

    "@types/bun": ["@types/bun@1.3.11", "", { "dependencies": { "bun-types": "1.3.11" } }, "sha512-5vPne5QvtpjGpsGYXiFyycfpDF2ECyPcTSsFBMa0fraoxiQyMJ3SmuQIGhzPg2WJuWxVBoxWJ2kClYTcw/4fAg=="],

    "@types/fs-extra": ["@types/fs-extra@9.0.13", "", { "dependencies": { "@types/node": "*" } }, "sha512-nEnwB++1u5lVDM2UI4c1+5R+FYaKfaAzS4OococimjVm3nQw3TuzH5UNsocrcTBbhnerblyHj4A49qXbIiZdpA=="],

    "@types/lodash": ["@types/lodash@4.17.24", "", {}, "sha512-gIW7lQLZbue7lRSWEFql49QJJWThrTFFeIMJdp3eH4tKoxm1OvEPg02rm4wCCSHS0cL3/Fizimb35b7k8atwsQ=="],

    "@types/node": ["@types/node@25.2.1", "", { "dependencies": { "undici-types": "~7.16.0" } }, "sha512-CPrnr8voK8vC6eEtyRzvMpgp3VyVRhgclonE7qYi6P9sXwYb59ucfrnmFBTaP0yUi8Gk4yZg/LlTJULGxvTNsg=="],

    "@types/semver": ["@types/semver@7.7.1", "", {}, "sha512-FmgJfu+MOcQ370SD0ev7EI8TlCAfKYU+B4m5T3yXc1CiRN94g/SZPtsCkk506aUDtlMnFZvasDwHHUcZUEaYuA=="],

    "@types/shell-quote": ["@types/shell-quote@1.7.5", "", {}, "sha512-+UE8GAGRPbJVQDdxi16dgadcBfQ+KG2vgZhV1+3A1XmHbmwcdwhCUwIdy+d3pAGrbvgRoVSjeI9vOWyq376Yzw=="],

    "ajv": ["ajv@6.14.0", "", { "dependencies": { "fast-deep-equal": "^3.1.1", "fast-json-stable-stringify": "^2.0.0", "json-schema-traverse": "^0.4.1", "uri-js": "^4.2.2" } }, "sha512-IWrosm/yrn43eiKqkfkHis7QioDleaXQHdDVPKg0FSwwd/DuvyX79TZnFOnYpB7dcsFAMmtFztZuXPDvSePkFw=="],

    "asn1": ["asn1@0.2.6", "", { "dependencies": { "safer-buffer": "~2.1.0" } }, "sha512-ix/FxPn0MDjeyJ7i/yoHGFt/EX6LyNbxSEhPPXODPL+KB0VPk86UYfL0lMdy+KCnv+fmvIzySwaK5COwqVbWTQ=="],

    "assert-plus": ["assert-plus@1.0.0", "", {}, "sha512-NfJ4UzBCcQGLDlQq7nHxH+tv3kyZ0hHQqF5BO6J7tNJeP5do1llPr8dZ8zHonfhAu0PHAdMkSo+8o0wxg9lZWw=="],

    "asynckit": ["asynckit@0.4.0", "", {}, "sha512-Oei9OH4tRh0YqU3GxhX79dM/mwVgvbZJaSNaRk+bshkj0S5cfHcgYakreBjrHwatXKbz+IoIdYLxrKim2MjW0Q=="],

    "aws-sign2": ["aws-sign2@0.7.0", "", {}, "sha512-08kcGqnYf/YmjoRhfxyu+CLxBjUtHLXLXX/vUfx9l2LYzG3c1m61nrpyFUZI6zeS+Li/wWMMidD9KgrqtGq3mA=="],

    "aws4": ["aws4@1.13.2", "", {}, "sha512-lHe62zvbTB5eEABUVi/AwVh0ZKY9rMMDhmm+eeyuuUQbQ3+J+fONVQOZyj+DdrvD4BY33uYniyRJ4UJIaSKAfw=="],

    "bcrypt-pbkdf": ["bcrypt-pbkdf@1.0.2", "", { "dependencies": { "tweetnacl": "^0.14.3" } }, "sha512-qeFIXtP4MSoi6NLqO12WfqARWWuCKi2Rn/9hJLEmtB5yTNr9DqFWkJRCf2qShWzPeAMRnOgCrq0sg/KLv5ES9w=="],

    "boolbase": ["boolbase@1.0.0", "", {}, "sha512-JZOSA7Mo9sNGB8+UjSgzdLtokWAky1zbztM3WRLCbZ70/3cTANmQmOdR7y2g+J0e2WXywy1yS468tY+IruqEww=="],

    "braces": ["braces@3.0.3", "", { "dependencies": { "fill-range": "^7.1.1" } }, "sha512-yQbXgO/OSZVD2IsiLlro+7Hf6Q18EJrKSEsdoMzKePKXct3gvD8oLcOQdIzGupr5Fj+EDe8gO/lxc1BzfMpxvA=="],

    "buffer-equal-constant-time": ["buffer-equal-constant-time@1.0.1", "", {}, "sha512-zRpUiDwd/xk6ADqPMATG8vc9VPrkck7T07OIx0gnjmJAnHnTVXNQG3vfvWNuiZIkwu9KrKdA1iJKfsfTVxE6NA=="],

    "bun-types": ["bun-types@1.3.11", "", { "dependencies": { "@types/node": "*" } }, "sha512-1KGPpoxQWl9f6wcZh57LvrPIInQMn2TQ7jsgxqpRzg+l0QPOFvJVH7HmvHo/AiPgwXy+/Thf6Ov3EdVn1vOabg=="],

    "caseless": ["caseless@0.12.0", "", {}, "sha512-4tYFyifaFfGacoiObjJegolkwSU4xQNGbVgUiNYVUxbQ2x2lUsFvY4hVgVzGiIe6WLOPqycWXA40l+PWsxthUw=="],

    "cheerio": ["cheerio@1.2.0", "", { "dependencies": { "cheerio-select": "^2.1.0", "dom-serializer": "^2.0.0", "domhandler": "^5.0.3", "domutils": "^3.2.2", "encoding-sniffer": "^0.2.1", "htmlparser2": "^10.1.0", "parse5": "^7.3.0", "parse5-htmlparser2-tree-adapter": "^7.1.0", "parse5-parser-stream": "^7.1.2", "undici": "^7.19.0", "whatwg-mimetype": "^4.0.0" } }, "sha512-WDrybc/gKFpTYQutKIK6UvfcuxijIZfMfXaYm8NMsPQxSYvf+13fXUJ4rztGGbJcBQ/GF55gvrZ0Bc0bj/mqvg=="],

    "cheerio-select": ["cheerio-select@2.1.0", "", { "dependencies": { "boolbase": "^1.0.0", "css-select": "^5.1.0", "css-what": "^6.1.0", "domelementtype": "^2.3.0", "domhandler": "^5.0.3", "domutils": "^3.0.1" } }, "sha512-9v9kG0LvzrlcungtnJtpGNxY+fzECQKhK4EGJX2vByejiMX84MFNQw4UxPJl3bFbTMw+Dfs37XaIkCwTZfLh4g=="],

    "combined-stream": ["combined-stream@1.0.8", "", { "dependencies": { "delayed-stream": "~1.0.0" } }, "sha512-FQN4MRfuJeHf7cBbBMJFXhKSDq+2kAArBlmRBvcvFE5BB1HZKXtSFASDhdlz9zOYwxh8lDdnvmMOe/+5cdoEdg=="],

    "commander": ["commander@2.20.3", "", {}, "sha512-GpVkmM8vF2vQUkj2LvZmD35JxeJOLCwJ9cUkugyk2nuhbv3+mJvpLYYt+0+USMxE+oj+ey/lJEnhZw75x/OMcQ=="],

    "core-util-is": ["core-util-is@1.0.3", "", {}, "sha512-ZQBvi1DcpJ4GDqanjucZ2Hj3wEO5pZDS89BWbkcrvdxksJorwUDDZamX9ldFkp9aw2lmBDLgkObEA4DWNJ9FYQ=="],

    "css-select": ["css-select@5.2.2", "", { "dependencies": { "boolbase": "^1.0.0", "css-what": "^6.1.0", "domhandler": "^5.0.2", "domutils": "^3.0.1", "nth-check": "^2.0.1" } }, "sha512-TizTzUddG/xYLA3NXodFM0fSbNizXjOKhqiQQwvhlspadZokn1KDy0NZFS0wuEubIYAV5/c1/lAr0TaaFXEXzw=="],

    "css-what": ["css-what@6.2.2", "", {}, "sha512-u/O3vwbptzhMs3L1fQE82ZSLHQQfto5gyZzwteVIEyeaY5Fc7R4dapF/BvRoSYFeqfBk4m0V1Vafq5Pjv25wvA=="],

    "dashdash": ["dashdash@1.14.1", "", { "dependencies": { "assert-plus": "^1.0.0" } }, "sha512-jRFi8UDGo6j+odZiEpjazZaWqEal3w/basFjQHQEwVtZJGDpxbH1MeYluwCS8Xq5wmLJooDlMgvVarmWfGM44g=="],

    "delayed-stream": ["delayed-stream@1.0.0", "", {}, "sha512-ZySD7Nf91aLB0RxL4KGrKHBXl7Eds1DAmEdcoVawXnLD7SDhpNgtuII2aAkg7a7QS41jxPSZ17p4VdGnMHk3MQ=="],

    "discontinuous-range": ["discontinuous-range@1.0.0", "", {}, "sha512-c68LpLbO+7kP/b1Hr1qs8/BJ09F5khZGTxqxZuhzxpmwJKOgRFHJWIb9/KmqnqHhLdO55aOxFH/EGBvUQbL/RQ=="],

    "dom-serializer": ["dom-serializer@2.0.0", "", { "dependencies": { "domelementtype": "^2.3.0", "domhandler": "^5.0.2", "entities": "^4.2.0" } }, "sha512-wIkAryiqt/nV5EQKqQpo3SToSOV9J0DnbJqwK7Wv/Trc92zIAYZ4FlMu+JPFW1DfGFt81ZTCGgDEabffXeLyJg=="],

    "domelementtype": ["domelementtype@2.3.0", "", {}, "sha512-OLETBj6w0OsagBwdXnPdN0cnMfF9opN69co+7ZrbfPGrdpPVNBUj02spi6B1N7wChLQiPn4CSH/zJvXw56gmHw=="],

    "domhandler": ["domhandler@5.0.3", "", { "dependencies": { "domelementtype": "^2.3.0" } }, "sha512-cgwlv/1iFQiFnU96XXgROh8xTeetsnJiDsTc7TYCLFd9+/WNkIqPTxiM/8pSd8VIrhXGTf1Ny1q1hquVqDJB5w=="],

    "domutils": ["domutils@3.2.2", "", { "dependencies": { "dom-serializer": "^2.0.0", "domelementtype": "^2.3.0", "domhandler": "^5.0.3" } }, "sha512-6kZKyUajlDuqlHKVX1w7gyslj9MPIXzIFiz/rGu35uC1wMi+kMhQwGhl4lt9unC9Vb9INnY9Z3/ZA3+FhASLaw=="],

    "ecc-jsbn": ["ecc-jsbn@0.1.2", "", { "dependencies": { "jsbn": "~0.1.0", "safer-buffer": "^2.1.0" } }, "sha512-eh9O+hwRHNbG4BLTjEl3nw044CkGm5X6LoaCf7LPp7UU8Qrt47JYNi6nPX8xjW97TKGKm1ouctg0QSpZe9qrnw=="],

    "ecdsa-sig-formatter": ["ecdsa-sig-formatter@1.0.11", "", { "dependencies": { "safe-buffer": "^5.0.1" } }, "sha512-nagl3RYrbNv6kQkeJIpt6NJZy8twLB/2vtz6yN9Z4vRKHN4/QZJIEbqohALSgwKdnksuY3k5Addp5lg8sVoVcQ=="],

    "encoding-sniffer": ["encoding-sniffer@0.2.1", "", { "dependencies": { "iconv-lite": "^0.6.3", "whatwg-encoding": "^3.1.1" } }, "sha512-5gvq20T6vfpekVtqrYQsSCFZ1wEg5+wW0/QaZMWkFr6BqD3NfKs0rLCx4rrVlSWJeZb5NBJgVLswK/w2MWU+Gw=="],

    "entities": ["entities@4.5.0", "", {}, "sha512-V0hjH4dGPh9Ao5p0MoRY6BVqtwCjhz6vI5LT8AJ55H+4g9/4vbHx1I54fS0XuclLhDHArPQCiMjDxjaL8fPxhw=="],

    "extend": ["extend@3.0.2", "", {}, "sha512-fjquC59cD7CyW6urNXK0FBufkZcoiGG80wTuPujX590cB5Ttln20E2UB4S/WARVqhXffZl2LNgS+gQdPIIim/g=="],

    "extsprintf": ["extsprintf@1.3.0", "", {}, "sha512-11Ndz7Nv+mvAC1j0ktTa7fAb0vLyGGX+rMHNBYQviQDGU0Hw7lhctJANqbPhu9nV9/izT/IntTgZ7Im/9LJs9g=="],

    "fast-deep-equal": ["fast-deep-equal@3.1.3", "", {}, "sha512-f3qQ9oQy9j2AhBe/H9VC91wLmKBCCU/gDOnKNAYG5hswO7BLKj09Hc5HYNz9cGI++xlpDCIgDaitVs03ATR84Q=="],

    "fast-glob": ["fast-glob@3.3.3", "", { "dependencies": { "@nodelib/fs.stat": "^2.0.2", "@nodelib/fs.walk": "^1.2.3", "glob-parent": "^5.1.2", "merge2": "^1.3.0", "micromatch": "^4.0.8" } }, "sha512-7MptL8U0cqcFdzIzwOTHoilX9x5BrNqye7Z/LuC7kCMRio1EMSyqRK3BEAUD7sXRq4iT4AzTVuZdhgQ2TCvYLg=="],

    "fast-json-stable-stringify": ["fast-json-stable-stringify@2.1.0", "", {}, "sha512-lhd/wF+Lk98HZoTCtlVraHtfh5XYijIjalXck7saUtuanSDyLMxnHhSXEDJqHxD7msR8D0uCmqlkwjCV8xvwHw=="],

    "fastq": ["fastq@1.20.1", "", { "dependencies": { "reusify": "^1.0.4" } }, "sha512-GGToxJ/w1x32s/D2EKND7kTil4n8OVk/9mycTc4VDza13lOvpUZTGX3mFSCtV9ksdGBVzvsyAVLM6mHFThxXxw=="],

    "fill-range": ["fill-range@7.1.1", "", { "dependencies": { "to-regex-range": "^5.0.1" } }, "sha512-YsGpe3WHLK8ZYi4tWDg2Jy3ebRz2rXowDxnld4bkQB00cc/1Zw9AWnC0i9ztDJitivtQvaI9KaLyKrc+hBW0yg=="],

    "forever-agent": ["forever-agent@0.6.1", "", {}, "sha512-j0KLYPhm6zeac4lz3oJ3o65qvgQCcPubiyotZrXqEaG4hNagNYO8qdlUrX5vwqv9ohqeT/Z3j6+yW067yWWdUw=="],

    "form-data": ["form-data@2.3.3", "", { "dependencies": { "asynckit": "^0.4.0", "combined-stream": "^1.0.6", "mime-types": "^2.1.12" } }, "sha512-1lLKB2Mu3aGP1Q/2eCOx0fNbRMe7XdwktwOruhfqqd0rIJWwN4Dh+E3hrPSlDCXnSR7UtZ1N38rVXm+6+MEhJQ=="],

    "getpass": ["getpass@0.1.7", "", { "dependencies": { "assert-plus": "^1.0.0" } }, "sha512-0fzj9JxOLfJ+XGLhR8ze3unN0KZCgZwiSSDz168VERjK8Wl8kVSdcu2kspd4s4wtAa1y/qrVRiAA0WclVsu0ng=="],

    "glob-parent": ["glob-parent@5.1.2", "", { "dependencies": { "is-glob": "^4.0.1" } }, "sha512-AOIgSQCepiJYwP3ARnGx+5VnTu2HBYdzbGP45eLw1vr3zB3vZLeyed1sC9hnbcOc9/SrMyM5RPQrkGz4aS9Zow=="],

    "har-schema": ["har-schema@2.0.0", "", {}, "sha512-Oqluz6zhGX8cyRaTQlFMPw80bSJVG2x/cFb8ZPhUILGgHka9SsokCCOQgpveePerqidZOrT14ipqfJb7ILcW5Q=="],

    "har-validator": ["har-validator@5.1.5", "", { "dependencies": { "ajv": "^6.12.3", "har-schema": "^2.0.0" } }, "sha512-nmT2T0lljbxdQZfspsno9hgrG3Uir6Ks5afism62poxqBM6sDnMEuPmzTq8XN0OEwqKLLdh1jQI3qyE66Nzb3w=="],

    "htmlparser2": ["htmlparser2@10.1.0", "", { "dependencies": { "domelementtype": "^2.3.0", "domhandler": "^5.0.3", "domutils": "^3.2.2", "entities": "^7.0.1" } }, "sha512-VTZkM9GWRAtEpveh7MSF6SjjrpNVNNVJfFup7xTY3UpFtm67foy9HDVXneLtFVt4pMz5kZtgNcvCniNFb1hlEQ=="],

    "http-signature": ["http-signature@1.2.0", "", { "dependencies": { "assert-plus": "^1.0.0", "jsprim": "^1.2.2", "sshpk": "^1.7.0" } }, "sha512-CAbnr6Rz4CYQkLYUtSNXxQPUH2gK8f3iWexVlsnMeD+GjlsQ0Xsy1cOX+mN3dtxYomRy21CiOzU8Uhw6OwncEQ=="],

    "iconv-lite": ["iconv-lite@0.6.3", "", { "dependencies": { "safer-buffer": ">= 2.1.2 < 3.0.0" } }, "sha512-4fCk79wshMdzMp2rH06qWrJE4iolqLhCUH+OiuIgU++RB0+94NlDL81atO7GX55uUKueo0txHNtvEyI6D7WdMw=="],

    "immediate": ["immediate@3.0.6", "", {}, "sha512-XXOFtyqDjNDAQxVfYxuF7g9Il/IbWmmlQg2MYKOH8ExIT1qg6xc4zyS3HaEEATgs1btfzxq15ciUiY7gjSXRGQ=="],

    "inherits": ["inherits@2.0.4", "", {}, "sha512-k/vGaX4/Yla3WzyMCvTQOXYeIHvqOKtnqBduzTHpzpQZzAskKMhZ2K+EnBiSM9zGSoIFeMpXKxa4dYeZIQqewQ=="],

    "is-extglob": ["is-extglob@2.1.1", "", {}, "sha512-SbKbANkN603Vi4jEZv49LeVJMn4yGwsbzZworEoyEiutsN3nJYdbO36zfhGJ6QEDpOZIFkDtnq5JRxmvl3jsoQ=="],

    "is-glob": ["is-glob@4.0.3", "", { "dependencies": { "is-extglob": "^2.1.1" } }, "sha512-xelSayHH36ZgE7ZWhli7pW34hNbNl8Ojv5KVmkJD4hBdD3th8Tfk9vYasLM+mXWOZhFkgZfxhLSnrwRr4elSSg=="],

    "is-number": ["is-number@7.0.0", "", {}, "sha512-41Cifkg6e8TylSpdtTpeLVMqvSBEVzTttHvERD741+pnZ8ANv0004MRL43QKPDlK9cGvNp6NZWZUBlbGXYxxng=="],

    "is-typedarray": ["is-typedarray@1.0.0", "", {}, "sha512-cyA56iCMHAh5CdzjJIa4aohJyeO1YbwLi3Jc35MmRU6poroFjIGZzUzupGiRPOjgHg9TLu43xbpwXk523fMxKA=="],

    "isarray": ["isarray@1.0.0", "", {}, "sha512-VLghIWNM6ELQzo7zwmcg0NmTVyWKYjvIeM83yjp0wRDTmUnrM678fQbcKBo6n2CJEF0szoG//ytg+TKla89ALQ=="],

    "isbinaryfile": ["isbinaryfile@6.0.0", "", {}, "sha512-2FN2B8MAqKv6d5TaKsLvMrwMcghxwHTpcKy0L5mhNbRqjNqo2++SpCqN6eG1lCC1GmTQgvrYJYXv2+Chvyevag=="],

    "isstream": ["isstream@0.1.2", "", {}, "sha512-Yljz7ffyPbrLpLngrMtZ7NduUgVvi6wG9RJ9IUcyCd59YQ911PBJphODUcbOVbqYfxe1wuYf/LJ8PauMRwsM/g=="],

    "jsbn": ["jsbn@0.1.1", "", {}, "sha512-UVU9dibq2JcFWxQPA6KCqj5O42VOmAY3zQUfEKxU0KpTGXwNoCjkX1e13eHNvw/xPynt6pU0rZ1htjWTNTSXsg=="],

    "json-schema": ["json-schema@0.4.0", "", {}, "sha512-es94M3nTIfsEPisRafak+HDLfHXnKBhV3vU5eqPcS3flIWqcxJWgXHXiey3YrpaNsanY5ei1VoYEbOzijuq9BA=="],

    "json-schema-traverse": ["json-schema-traverse@0.4.1", "", {}, "sha512-xbbCH5dCYU5T8LcEhhuh7HJ88HXuW3qsI3Y0zOZFKfZEHcpWiHU/Jxzk629Brsab/mMiHQti9wMP+845RPe3Vg=="],

    "json-stringify-safe": ["json-stringify-safe@5.0.1", "", {}, "sha512-ZClg6AaYvamvYEE82d3Iyd3vSSIjQ+odgjaTzRuO3s7toCdFKczob2i0zCh7JE8kWn17yvAWhUVxvqGwUalsRA=="],

    "jsonwebtoken": ["jsonwebtoken@8.5.1", "", { "dependencies": { "jws": "^3.2.2", "lodash.includes": "^4.3.0", "lodash.isboolean": "^3.0.3", "lodash.isinteger": "^4.0.4", "lodash.isnumber": "^3.0.3", "lodash.isplainobject": "^4.0.6", "lodash.isstring": "^4.0.1", "lodash.once": "^4.0.0", "ms": "^2.1.1", "semver": "^5.6.0" } }, "sha512-XjwVfRS6jTMsqYs0EsuJ4LGxXV14zQybNd4L2r0UvbVnSF9Af8x7p5MzbJ90Ioz/9TI41/hTCvznF/loiSzn8w=="],

    "jsprim": ["jsprim@1.4.2", "", { "dependencies": { "assert-plus": "1.0.0", "extsprintf": "1.3.0", "json-schema": "0.4.0", "verror": "1.10.0" } }, "sha512-P2bSOMAc/ciLz6DzgjVlGJP9+BrJWu5UDGK70C2iweC5QBIeFf0ZXRvGjEj2uYgrY2MkAAhsSWHDWlFtEroZWw=="],

    "jszip": ["jszip@3.10.1", "", { "dependencies": { "lie": "~3.3.0", "pako": "~1.0.2", "readable-stream": "~2.3.6", "setimmediate": "^1.0.5" } }, "sha512-xXDvecyTpGLrqFrvkrUSoxxfJI5AH7U8zxxtVclpsUtMCq4JQ290LY8AW5c7Ggnr/Y/oK+bQMbqK2qmtk3pN4g=="],

    "jwa": ["jwa@1.4.2", "", { "dependencies": { "buffer-equal-constant-time": "^1.0.1", "ecdsa-sig-formatter": "1.0.11", "safe-buffer": "^5.0.1" } }, "sha512-eeH5JO+21J78qMvTIDdBXidBd6nG2kZjg5Ohz/1fpa28Z4CcsWUzJ1ZZyFq/3z3N17aZy+ZuBoHljASbL1WfOw=="],

    "jws": ["jws@3.2.3", "", { "dependencies": { "jwa": "^1.4.2", "safe-buffer": "^5.0.1" } }, "sha512-byiJ0FLRdLdSVSReO/U4E7RoEyOCKnEnEPMjq3HxWtvzLsV08/i5RQKsFVNkCldrCaPr2vDNAOMsfs8T/Hze7g=="],

    "lie": ["lie@3.3.0", "", { "dependencies": { "immediate": "~3.0.5" } }, "sha512-UaiMJzeWRlEujzAuw5LokY1L5ecNQYZKfmyZ9L7wDHb/p5etKaxXhohBcrw0EYby+G/NA52vRSN4N39dxHAIwQ=="],

    "lodash": ["lodash@4.18.1", "", {}, "sha512-dMInicTPVE8d1e5otfwmmjlxkZoUpiVLwyeTdUsi/Caj/gfzzblBcCE5sRHV/AsjuCmxWrte2TNGSYuCeCq+0Q=="],

    "lodash.includes": ["lodash.includes@4.3.0", "", {}, "sha512-W3Bx6mdkRTGtlJISOvVD/lbqjTlPPUDTMnlXZFnVwi9NKJ6tiAk6LVdlhZMm17VZisqhKcgzpO5Wz91PCt5b0w=="],

    "lodash.isboolean": ["lodash.isboolean@3.0.3", "", {}, "sha512-Bz5mupy2SVbPHURB98VAcw+aHh4vRV5IPNhILUCsOzRmsTmSQ17jIuqopAentWoehktxGd9e/hbIXq980/1QJg=="],

    "lodash.isinteger": ["lodash.isinteger@4.0.4", "", {}, "sha512-DBwtEWN2caHQ9/imiNeEA5ys1JoRtRfY3d7V9wkqtbycnAmTvRRmbHKDV4a0EYc678/dia0jrte4tjYwVBaZUA=="],

    "lodash.isnumber": ["lodash.isnumber@3.0.3", "", {}, "sha512-QYqzpfwO3/CWf3XP+Z+tkQsfaLL/EnUlXWVkIk5FUPc4sBdTehEqZONuyRt2P67PXAk+NXmTBcc97zw9t1FQrw=="],

    "lodash.isplainobject": ["lodash.isplainobject@4.0.6", "", {}, "sha512-oSXzaWypCMHkPC3NvBEaPHf0KsA5mvPrOPgQWDsbg8n7orZ290M0BmC/jgRZ4vcJ6DTAhjrsSYgdsW/F+MFOBA=="],

    "lodash.isstring": ["lodash.isstring@4.0.1", "", {}, "sha512-0wJxfxH1wgO3GrbuP+dTTk7op+6L41QCXbGINEmD+ny/G/eCqGzxyCsh7159S+mgDDcoarnBw6PC1PS5+wUGgw=="],

    "lodash.once": ["lodash.once@4.1.1", "", {}, "sha512-Sb487aTOCr9drQVL8pIxOzVhafOjZN9UU54hiN8PU3uAiSV7lx1yYNpbNmex2PK6dSJoNTSJUUswT651yww3Mg=="],

    "merge2": ["merge2@1.4.1", "", {}, "sha512-8q7VEgMJW4J8tcfVPy8g09NcQwZdbwFEqhe/WZkoIzjn/3TGDwtOCYtXGxA3O8tPzpczCCDgv+P2P5y00ZJOOg=="],

    "micromatch": ["micromatch@4.0.8", "", { "dependencies": { "braces": "^3.0.3", "picomatch": "^2.3.1" } }, "sha512-PXwfBhYu0hBCPw8Dn0E+WDYb7af3dSLVWKi3HGv84IdF4TyFoC0ysxFd0Goxw7nSv4T/PzEJQxsYsEiFCKo2BA=="],

    "mime-db": ["mime-db@1.52.0", "", {}, "sha512-sPU4uV7dYlvtWJxwwxHD0PuihVNiE7TyAbQ5SWxDCB9mUYvOgroQOwYQQOKPJ8CIbE+1ETVlOoK1UC2nU3gYvg=="],

    "mime-types": ["mime-types@2.1.35", "", { "dependencies": { "mime-db": "1.52.0" } }, "sha512-ZDY+bPm5zTTF+YpCrAU9nK0UgICYPT0QtT1NZWFv4s++TNkcgVaT0g6+4R2uI4MjQjzysHB1zxuWL50hzaeXiw=="],

    "moo": ["moo@0.5.3", "", {}, "sha512-m2fmM2dDm7GZQsY7KK2cme8agi+AAljILjQnof7p1ZMDe6dQ4bdnSMx0cPppudoeNv5hEFQirN6u+O4fDE0IWA=="],

    "ms": ["ms@2.1.3", "", {}, "sha512-6FlzubTLZG3J2a/NVCAleEhjzq5oxgHyaCU9yYXvcLsvoVaHJq/s5xXI6/XXP6tz7R9xAOtHnSO/tXtF3WRTlA=="],

    "nearley": ["nearley@2.20.1", "", { "dependencies": { "commander": "^2.19.0", "moo": "^0.5.0", "railroad-diagrams": "^1.0.0", "randexp": "0.4.6" }, "bin": { "nearleyc": "bin/nearleyc.js", "nearley-test": "bin/nearley-test.js", "nearley-unparse": "bin/nearley-unparse.js", "nearley-railroad": "bin/nearley-railroad.js" } }, "sha512-+Mc8UaAebFzgV+KpI5n7DasuuQCHA89dmwm7JXw3TV43ukfNQ9DnBH3Mdb2g/I4Fdxc26pwimBWvjIw0UAILSQ=="],

    "node-api-dotnet": ["node-api-dotnet@0.9.19", "", {}, "sha512-7y+mPsIfebm8ftc+ZdQtC/05KT5IRK4N4Kdkb+VPpW7fLJsGupIiTOCCDZ3H4tKNPVvifNzFCbv0lak/JCKh+w=="],

    "nth-check": ["nth-check@2.1.1", "", { "dependencies": { "boolbase": "^1.0.0" } }, "sha512-lqjrjmaOoAnWfMmBPL+XNnynZh2+swxiX3WUE0s4yEHI6m+AwrK2UZOimIRl3X/4QctVqS8AiZjFqyOGrMXb/w=="],

    "oauth-sign": ["oauth-sign@0.9.0", "", {}, "sha512-fexhUFFPTGV8ybAtSIGbV6gOkSv8UtRbDBnAyLQw4QPKkgNlsH2ByPGtMUqdWkos6YCRmAqViwgZrJc/mRDzZQ=="],

    "pako": ["pako@1.0.11", "", {}, "sha512-4hLB8Py4zZce5s4yd9XzopqwVv/yGNhV1Bl8NTmCq1763HeK2+EwVTv+leGeL13Dnh2wfbqowVPXCIO0z4taYw=="],

    "parse5": ["parse5@7.3.0", "", { "dependencies": { "entities": "^6.0.0" } }, "sha512-IInvU7fabl34qmi9gY8XOVxhYyMyuH2xUNpb2q8/Y+7552KlejkRvqvD19nMoUW/uQGGbqNpA6Tufu5FL5BZgw=="],

    "parse5-htmlparser2-tree-adapter": ["parse5-htmlparser2-tree-adapter@7.1.0", "", { "dependencies": { "domhandler": "^5.0.3", "parse5": "^7.0.0" } }, "sha512-ruw5xyKs6lrpo9x9rCZqZZnIUntICjQAd0Wsmp396Ul9lN/h+ifgVV1x1gZHi8euej6wTfpqX8j+BFQxF0NS/g=="],

    "parse5-parser-stream": ["parse5-parser-stream@7.1.2", "", { "dependencies": { "parse5": "^7.0.0" } }, "sha512-JyeQc9iwFLn5TbvvqACIF/VXG6abODeB3Fwmv/TGdLk2LfbWkaySGY72at4+Ty7EkPZj854u4CrICqNk2qIbow=="],

    "performance-now": ["performance-now@2.1.0", "", {}, "sha512-7EAHlyLHI56VEIdK57uwHdHKIaAGbnXPiw0yWbarQZOKaKpvUIgW0jWRVLiatnM+XXlSwsanIBH/hzGMJulMow=="],

    "picomatch": ["picomatch@2.3.2", "", {}, "sha512-V7+vQEJ06Z+c5tSye8S+nHUfI51xoXIXjHQ99cQtKUkQqqO1kO/KCJUfZXuB47h/YBlDhah2H3hdUGXn8ie0oA=="],

    "process-nextick-args": ["process-nextick-args@2.0.1", "", {}, "sha512-3ouUOpQhtgrbOa17J7+uxOTpITYWaGP7/AhoR3+A+/1e9skrzelGi/dXzEYyvbxubEF6Wn2ypscTKiKJFFn1ag=="],

    "psl": ["psl@1.15.0", "", { "dependencies": { "punycode": "^2.3.1" } }, "sha512-JZd3gMVBAVQkSs6HdNZo9Sdo0LNcQeMNP3CozBJb3JYC/QUYZTnKxP+f8oWRX4rHP5EurWxqAHTSwUCjlNKa1w=="],

    "punycode": ["punycode@2.3.1", "", {}, "sha512-vYt7UD1U9Wg6138shLtLOvdAu+8DsC/ilFtEVHcH+wydcSpNE20AfSOduf6MkRFahL5FY7X1oU7nKVZFtfq8Fg=="],

    "qs": ["qs@6.5.5", "", {}, "sha512-mzR4sElr1bfCaPJe7m8ilJ6ZXdDaGoObcYR0ZHSsktM/Lt21MVHj5De30GQH2eiZ1qGRTO7LCAzQsUeXTNexWQ=="],

    "queue-microtask": ["queue-microtask@1.2.3", "", {}, "sha512-NuaNSa6flKT5JaSYQzJok04JzTL1CA6aGhv5rfLW3PgqA+M2ChpZQnAC8h8i4ZFkBS8X5RqkDBHA7r4hej3K9A=="],

    "railroad-diagrams": ["railroad-diagrams@1.0.0", "", {}, "sha512-cz93DjNeLY0idrCNOH6PviZGRN9GJhsdm9hpn1YCS879fj4W+x5IFJhhkRZcwVgMmFF7R82UA/7Oh+R8lLZg6A=="],

    "randexp": ["randexp@0.4.6", "", { "dependencies": { "discontinuous-range": "1.0.0", "ret": "~0.1.10" } }, "sha512-80WNmd9DA0tmZrw9qQa62GPPWfuXJknrmVmLcxvq4uZBdYqb1wYoKTmnlGUchvVWe0XiLupYkBoXVOxz3C8DYQ=="],

    "readable-stream": ["readable-stream@2.3.8", "", { "dependencies": { "core-util-is": "~1.0.0", "inherits": "~2.0.3", "isarray": "~1.0.0", "process-nextick-args": "~2.0.0", "safe-buffer": "~5.1.1", "string_decoder": "~1.1.1", "util-deprecate": "~1.0.1" } }, "sha512-8p0AUk4XODgIewSi0l8Epjs+EVnWiK7NoDIEGU0HhE7+ZyY8D1IMY7odu5lRrFXGg71L15KG8QrPmum45RTtdA=="],

    "request": ["request@2.88.2", "", { "dependencies": { "aws-sign2": "~0.7.0", "aws4": "^1.8.0", "caseless": "~0.12.0", "combined-stream": "~1.0.6", "extend": "~3.0.2", "forever-agent": "~0.6.1", "form-data": "~2.3.2", "har-validator": "~5.1.3", "http-signature": "~1.2.0", "is-typedarray": "~1.0.0", "isstream": "~0.1.2", "json-stringify-safe": "~5.0.1", "mime-types": "~2.1.19", "oauth-sign": "~0.9.0", "performance-now": "^2.1.0", "qs": "~6.5.2", "safe-buffer": "^5.1.2", "tough-cookie": "~2.5.0", "tunnel-agent": "^0.6.0", "uuid": "^3.3.2" } }, "sha512-MsvtOrfG9ZcrOwAW+Qi+F6HbD0CWXEh9ou77uOb7FM2WPhwT7smM833PzanhJLsgXjN89Ir6V2PczXNnMpwKhw=="],

    "ret": ["ret@0.1.15", "", {}, "sha512-TTlYpa+OL+vMMNG24xSlQGEJ3B/RzEfUlLct7b5G/ytav+wPrplCpVMFuwzXbkecJrb6IYo1iFb0S9v37754mg=="],

    "reusify": ["reusify@1.1.0", "", {}, "sha512-g6QUff04oZpHs0eG5p83rFLhHeV00ug/Yf9nZM6fLeUrPguBTkTQOdpAWWspMh55TZfVQDPaN3NQJfbVRAxdIw=="],

    "run-parallel": ["run-parallel@1.2.0", "", { "dependencies": { "queue-microtask": "^1.2.2" } }, "sha512-5l4VyZR86LZ/lDxZTR6jqL8AFE2S0IFLMP26AbjsLVADxHdhB/c0GUsH+y39UfCi3dzz8OlQuPmnaJOMoDHQBA=="],

    "safe-buffer": ["safe-buffer@5.1.2", "", {}, "sha512-Gd2UZBJDkXlY7GbJxfsE8/nvKkUEU1G38c1siN6QP6a9PT9MmHB8GnpscSmMJSoF8LOIrt8ud/wPtojys4G6+g=="],

    "safer-buffer": ["safer-buffer@2.1.2", "", {}, "sha512-YZo3K82SD7Riyi0E1EQPojLz7kpepnSQI9IyPbHHg1XXXevb5dJI7tpyN2ADxGcQbHG7vcyRHk0cbwqcQriUtg=="],

    "semver": ["semver@5.7.2", "", { "bin": { "semver": "bin/semver" } }, "sha512-cBznnQ9KjJqU67B52RMC65CMarK2600WFnbkcaiwWq3xy/5haFJlshgnpjovMVJ+Hff49d8GEn0b87C5pDQ10g=="],

    "set-cookie-parser": ["set-cookie-parser@2.7.2", "", {}, "sha512-oeM1lpU/UvhTxw+g3cIfxXHyJRc/uidd3yK1P242gzHds0udQBYzs3y8j4gCCW+ZJ7ad0yctld8RYO+bdurlvw=="],

    "setimmediate": ["setimmediate@1.0.5", "", {}, "sha512-MATJdZp8sLqDl/68LfQmbP8zKPLQNV6BIZoIgrscFDQ+RsvK/BxeDQOgyxKKoh0y/8h3BqVFnCqQ/gd+reiIXA=="],

    "shell-quote": ["shell-quote@1.8.3", "", {}, "sha512-ObmnIF4hXNg1BqhnHmgbDETF8dLPCggZWBjkQfhZpbszZnYur5DUljTcCHii5LC3J5E0yeO/1LIMyH+UvHQgyw=="],

    "sshpk": ["sshpk@1.18.0", "", { "dependencies": { "asn1": "~0.2.3", "assert-plus": "^1.0.0", "bcrypt-pbkdf": "^1.0.0", "dashdash": "^1.12.0", "ecc-jsbn": "~0.1.1", "getpass": "^0.1.1", "jsbn": "~0.1.0", "safer-buffer": "^2.0.2", "tweetnacl": "~0.14.0" }, "bin": { "sshpk-conv": "bin/sshpk-conv", "sshpk-sign": "bin/sshpk-sign", "sshpk-verify": "bin/sshpk-verify" } }, "sha512-2p2KJZTSqQ/I3+HX42EpYOa2l3f8Erv8MWKsy2I9uf4wA7yFIkXRffYdsx86y6z4vHtV8u7g+pPlr8/4ouAxsQ=="],

    "steam-acf-parser": ["steam-acf-parser@github:mattb-prg/steam-acf-parser#18de58e", { "dependencies": { "nearley": "^2.19.0" } }, "mattb-prg-steam-acf-parser-18de58e", "sha512-w3nZMjvbRUTDORwNX6QPinWBpvvGE5TvfNsh4fOB/A/aXsVwFGy5lPTU1e5FByPUeaCP47HLgSza+Ksa3YCG/Q=="],

    "store2": ["store2@2.14.4", "", {}, "sha512-srTItn1GOvyvOycgxjAnPA63FZNwy0PTyUBFMHRM+hVFltAeoh0LmNBz9SZqUS9mMqGk8rfyWyXn3GH5ReJ8Zw=="],

    "string-template": ["string-template@1.0.0", "", {}, "sha512-SLqR3GBUXuoPP5MmYtD7ompvXiG87QjT6lzOszyXjTM86Uu7At7vNnt2xgyTLq5o9T4IxTYFyGxcULqpsmsfdg=="],

    "string_decoder": ["string_decoder@1.1.1", "", { "dependencies": { "safe-buffer": "~5.1.0" } }, "sha512-n/ShnvDi6FHbbVfviro+WojiFzv+s8MPMHBczVePfUpDJLwoLT0ht1l4YwBCbi8pJAveEEdnkHyPyTP/mzRfwg=="],

    "to-regex-range": ["to-regex-range@5.0.1", "", { "dependencies": { "is-number": "^7.0.0" } }, "sha512-65P7iz6X5yEr1cwcgvQxbbIw7Uk3gOy5dIdtZ4rDveLqhrdJP+Li/Hx6tyK0NEb+2GCyneCMJiGqrADCSNk8sQ=="],

    "tough-cookie": ["tough-cookie@2.5.0", "", { "dependencies": { "psl": "^1.1.28", "punycode": "^2.1.1" } }, "sha512-nlLsUzgm1kfLXSXfRZMc1KLAugd4hqJHDTvc2hDIwS3mZAfMEuMbc03SujMF+GEcpaX/qboeycw6iO8JwVv2+g=="],

    "tunnel-agent": ["tunnel-agent@0.6.0", "", { "dependencies": { "safe-buffer": "^5.0.1" } }, "sha512-McnNiV1l8RYeY8tBgEpuodCC1mLUdbSN+CYBL7kJsJNInOP8UjDDEwdk6Mw60vdLLrr5NHKZhMAOSrR2NZuQ+w=="],

    "tweetnacl": ["tweetnacl@0.14.5", "", {}, "sha512-KXXFFdAbFXY4geFIwoyNK+f5Z1b7swfXABfL7HXCmoIWMKU3dmS26672A4EeQtDzLKy7SXmfBu51JolvEKwtGA=="],

    "typed-emitter": ["typed-emitter@1.4.0", "", {}, "sha512-weBmoo3HhpKGgLBOYwe8EB31CzDFuaK7CCL+axXhUYhn4jo6DSkHnbefboCF5i4DQ2aMFe0C/FdTWcPdObgHyg=="],

    "typescript": ["typescript@5.9.3", "", { "bin": { "tsc": "bin/tsc", "tsserver": "bin/tsserver" } }, "sha512-jl1vZzPDinLr9eUt3J/t7V6FgNEw9QjvBPdysz9KfQDD41fQrC2Y4vKQdiaUpFT4bXlb1RHhLpp8wtm6M5TgSw=="],

    "undici": ["undici@7.24.6", "", {}, "sha512-Xi4agocCbRzt0yYMZGMA6ApD7gvtUFaxm4ZmeacWI4cZxaF6C+8I8QfofC20NAePiB/IcvZmzkJ7XPa471AEtA=="],

    "undici-types": ["undici-types@7.16.0", "", {}, "sha512-Zz+aZWSj8LE6zoxD+xrjh4VfkIG8Ya6LvYkZqtUQGJPZjYl53ypCaUwWqo7eI0x66KBGeRo+mlBEkMSeSZ38Nw=="],

    "uri-js": ["uri-js@4.4.1", "", { "dependencies": { "punycode": "^2.1.0" } }, "sha512-7rKUyy33Q1yc98pQ1DAmLtwX109F7TIfWlW1Ydo8Wl1ii1SeHieeh0HHfPeL2fMXK6z0s8ecKs9frCuLJvndBg=="],

    "util-deprecate": ["util-deprecate@1.0.2", "", {}, "sha512-EPD5q1uXyFxJpCrLnCc1nHnq3gOa6DZBocAIiI2TaSCA7VCJ1UJDMagCzIkXNsUYfD1daK//LTEQ8xiIbrHtcw=="],

    "uuid": ["uuid@3.4.0", "", { "bin": { "uuid": "./bin/uuid" } }, "sha512-HjSDRw6gZE5JMggctHBcjVak08+KEVhSIiDzFnT9S9aegmp85S/bReBVTb4QTFaRNptJ9kuYaNhnbNEOkbKb/A=="],

    "verror": ["verror@1.10.0", "", { "dependencies": { "assert-plus": "^1.0.0", "core-util-is": "1.0.2", "extsprintf": "^1.2.0" } }, "sha512-ZZKSmDAEFOijERBLkmYfJ+vmk3w+7hOLYDNkRCuRuMJGEmqYNCNLyBBFwWKVMhfwaEF3WOd0Zlw86U/WC/+nYw=="],

    "vortex-api": ["vortex-api@github:Nexus-Mods/vortex-api#8978412", { "bin": { "extractInfo": "./bin/extractInfo.js" } }, "Nexus-Mods-vortex-api-8978412", "sha512-/xSIFFY0noL5r4IAWjrHiwqJNDFjTHgCurr1OdUsmhxwxj+m6BkMTEJfDYYSZJZZuaiC4vXHI9oIRsc8IQuW0Q=="],

    "whatwg-encoding": ["whatwg-encoding@3.1.1", "", { "dependencies": { "iconv-lite": "0.6.3" } }, "sha512-6qN4hJdMwfYBtE3YBTTHhoeuUrDBPZmbQaxWAqSALV/MeEnR5z1xd8UKud2RAkFoPkmB+hli1TZSnyi84xz1vQ=="],

    "whatwg-mimetype": ["whatwg-mimetype@4.0.0", "", {}, "sha512-QaKxh0eNIi2mE9p2vEdzfagOKHCcj1pJ56EEHGQOVxp8r9/iszLUUV7v89x9O1p/T+NlTM5W7jW6+cz4Fq1YVg=="],

    "zod": ["zod@4.3.6", "", {}, "sha512-rftlrkhHZOcjDwkGlnUtZZkvaPHCsDATp4pGpuOOMDaTdDDXF91wuVDJoWoPsKX/3YPQ5fHuF3STjcYyKr+Qhg=="],

    "htmlparser2/entities": ["entities@7.0.1", "", {}, "sha512-TWrgLOFUQTH994YUyl1yT4uyavY5nNB5muff+RtWaqNVCAK408b5ZnnbNAUEWLTCpum9w6arT70i1XdQ4UeOPA=="],

    "parse5/entities": ["entities@6.0.1", "", {}, "sha512-aN97NXWF6AWBTahfVOIrB/NShkzi5H7F9r1s9mD3cDj4Ko5f2qhhVoYMibXF7GlLveb/D2ioWay8lxI97Ven3g=="],

    "verror/core-util-is": ["core-util-is@1.0.2", "", {}, "sha512-3lqz5YjWTYnW6dlDa5TLaTCcShfar1e40rmcJVwCBJC6mWlFuj0eCHIElmG1g5kyuJ/GD+8Wn4FFCcz4gJPfaQ=="],
  }
}
